
Microsoft Visual Studio Solution File, Format Version 12.00
# Visual Studio 15
VisualStudioVersion = 15.0.27130.2036
MinimumVisualStudioVersion = 10.0.40219.1
Project("{888888A0-9F3D-457C-B088-3A5042F75D52}") = "Tutorials_With_Bucky", "Tutorials_With_Bucky\Tutorials_With_Bucky.pyproj", "{73B1B809-FD44-4653-9A0F-97828246D441}"
EndProject
Global
	GlobalSection(SolutionConfigurationPlatforms) = preSolution
		Debug|Any CPU = Debug|Any CPU
		Release|Any CPU = Release|Any CPU
	EndGlobalSection
	GlobalSection(ProjectConfigurationPlatforms) = postSolution
		{73B1B809-FD44-4653-9A0F-97828246D441}.Debug|Any CPU.ActiveCfg = Debug|Any CPU
		{73B1B809-FD44-4653-9A0F-97828246D441}.Release|Any CPU.ActiveCfg = Release|Any CPU
	EndGlobalSection
	GlobalSection(SolutionProperties) = preSolution
		HideSolutionNode = FALSE
	EndGlobalSection
	GlobalSection(ExtensibilityGlobals) = postSolution
		SolutionGuid = {97D5D426-2BE8-454B-869E-FD39B2255E25}
	EndGlobalSection
EndGlobal
